
Microsoft Visual Studio Solution File, Format Version 12.00
# Visual Studio Version 17
VisualStudioVersion = 17.9.34728.123
MinimumVisualStudioVersion = 10.0.40219.1
Project("{8BC9CEB8-8B4A-11D0-8D11-00A0C91BC942}") = "ConvertMilesToKilometers", "ConvertMilesToKilometers\ConvertMilesToKilometers.vcxproj", "{08F8E1BD-3774-4AD6-BE74-A46E7274EB94}"
EndProject
Global
	GlobalSection(SolutionConfigurationPlatforms) = preSolution
		Debug|x64 = Debug|x64
		Debug|x86 = Debug|x86
		Release|x64 = Release|x64
		Release|x86 = Release|x86
	EndGlobalSection
	GlobalSection(ProjectConfigurationPlatforms) = postSolution
		{08F8E1BD-3774-4AD6-BE74-A46E7274EB94}.Debug|x64.ActiveCfg = Debug|x64
		{08F8E1BD-3774-4AD6-BE74-A46E7274EB94}.Debug|x64.Build.0 = Debug|x64
		{08F8E1BD-3774-4AD6-BE74-A46E7274EB94}.Debug|x86.ActiveCfg = Debug|Win32
		{08F8E1BD-3774-4AD6-BE74-A46E7274EB94}.Debug|x86.Build.0 = Debug|Win32
		{08F8E1BD-3774-4AD6-BE74-A46E7274EB94}.Release|x64.ActiveCfg = Release|x64
		{08F8E1BD-3774-4AD6-BE74-A46E7274EB94}.Release|x64.Build.0 = Release|x64
		{08F8E1BD-3774-4AD6-BE74-A46E7274EB94}.Release|x86.ActiveCfg = Release|Win32
		{08F8E1BD-3774-4AD6-BE74-A46E7274EB94}.Release|x86.Build.0 = Release|Win32
	EndGlobalSection
	GlobalSection(SolutionProperties) = preSolution
		HideSolutionNode = FALSE
	EndGlobalSection
	GlobalSection(ExtensibilityGlobals) = postSolution
		SolutionGuid = {8C0CAE82-896C-472E-8C5C-FEE3F99CB72D}
	EndGlobalSection
EndGlobal
